
Microsoft Visual Studio Solution File, Format Version 12.00
# Visual Studio Version 16
VisualStudioVersion = 16.0.29709.97
MinimumVisualStudioVersion = 10.0.40219.1
Project("{FAE04EC0-301F-11D3-BF4B-00C04F79EFBC}") = "Pract3_2", "Pract3_2.csproj", "{39F4C492-A739-4B1A-8812-482722B93BEC}"
EndProject
Global
	GlobalSection(SolutionConfigurationPlatforms) = preSolution
		Debug|Any CPU = Debug|Any CPU
		Release|Any CPU = Release|Any CPU
	EndGlobalSection
	GlobalSection(ProjectConfigurationPlatforms) = postSolution
		{39F4C492-A739-4B1A-8812-482722B93BEC}.Debug|Any CPU.ActiveCfg = Debug|Any CPU
		{39F4C492-A739-4B1A-8812-482722B93BEC}.Debug|Any CPU.Build.0 = Debug|Any CPU
		{39F4C492-A739-4B1A-8812-482722B93BEC}.Release|Any CPU.ActiveCfg = Release|Any CPU
		{39F4C492-A739-4B1A-8812-482722B93BEC}.Release|Any CPU.Build.0 = Release|Any CPU
	EndGlobalSection
	GlobalSection(SolutionProperties) = preSolution
		HideSolutionNode = FALSE
	EndGlobalSection
	GlobalSection(ExtensibilityGlobals) = postSolution
		SolutionGuid = {B2F0BD7E-55D3-4FEE-B3F9-9B9ECF7495CF}
	EndGlobalSection
EndGlobal
